{
  "nodes": {
    "blueprint": {
      "inputs": {
        "nixpkgs": [
          "nixpkgs"
        ],
        "systems": [
          "systems"
        ]
      },
      "locked": {
        "lastModified": 1788528636,
        "narHash": "sha256-yzuhMdgnE4QsA6Woyk/M1UPFjHhqwJ9bhSRUYqU6iIU=",
        "owner": "numtide",
        "repo": "blueprint",
        "rev": "5a3d8272357596a725de2b4871006b84578898a2",
        "type": "github"
      },
      "original": {
        "owner": "numtide",
        "ref": "refs/pull/161/merge",
        "repo": "blueprint",
        "type": "github"
      }
    },
    "home-manager": {
      "inputs": {
        "nixpkgs": [
          "nixpkgs"
        ]
      },
      "locked": {
        "lastModified": 1789652175,
        "narHash": "sha256-OVgwnH7e/GlJRscTPXnJ8wwy6Mh+hk0MedEw360o8U8=",
        "owner": "nix-community",
        "repo": "home-manager",
        "rev": "f2785222a14e90f8c5ad2ff62474ce88453c3421",
        "type": "github"
      },
      "original": {
        "owner": "nix-community",
        "repo": "home-manager",
        "type": "github"
      }
    },
    "nixpkgs": {
      "locked": {
        "lastModified": 1789370336,
        "narHash": "sha256-obwZbWHP7htCIoq2Z0g/uTMcEgN6yqcMNIcOMe6P2qI=",
        "rev": "c7def046b9a883d46974757852106483d741586f",
        "type": "tarball",
        "url": "https://releases.nixos.org/nixpkgs/nixpkgs-26.11pre1073483.c7def046b9a8/nixexprs.tar.zst"
      },
      "original": {
        "type": "tarball",
        "url": "https://channels.nixos.org/nixpkgs-unstable/nixexprs.tar.zst"
      }
    },
    "root": {
      "inputs": {
        "blueprint": "blueprint",
        "home-manager": "home-manager",
        "nixpkgs": "nixpkgs",
        "systems": "systems"
      }
    },
    "systems": {
      "locked": {
        "lastModified": 1780071482,
        "narHash": "sha256-uuanbkFk8a313Zfrxdcz8Us/yQtaxNnKJtX8v0ZPpd8=",
        "owner": "nix-systems",
        "repo": "default",
        "rev": "c60958c330297cc51f8b64c33edb3bb9c24fd68d",
        "type": "github"
      },
      "original": {
        "owner": "nix-systems",
        "ref": "refs/pull/3/merge",
        "repo": "default",
        "type": "github"
      }
    }
  },
  "root": "root",
  "version": 7
}
